
Microsoft Visual Studio Solution File, Format Version 12.00
# Visual Studio Version 16
VisualStudioVersion = 16.0.32413.511
MinimumVisualStudioVersion = 10.0.40219.1
Project("{FAE04EC0-301F-11D3-BF4B-00C04F79EFBC}") = "Valid Sudoku", "Valid Sudoku\Valid Sudoku.csproj", "{81DCFBC7-2E58-41CC-8775-F14F568D49CA}"
EndProject
Global
	GlobalSection(SolutionConfigurationPlatforms) = preSolution
		Debug|Any CPU = Debug|Any CPU
		Release|Any CPU = Release|Any CPU
	EndGlobalSection
	GlobalSection(ProjectConfigurationPlatforms) = postSolution
		{81DCFBC7-2E58-41CC-8775-F14F568D49CA}.Debug|Any CPU.ActiveCfg = Debug|Any CPU
		{81DCFBC7-2E58-41CC-8775-F14F568D49CA}.Debug|Any CPU.Build.0 = Debug|Any CPU
		{81DCFBC7-2E58-41CC-8775-F14F568D49CA}.Release|Any CPU.ActiveCfg = Release|Any CPU
		{81DCFBC7-2E58-41CC-8775-F14F568D49CA}.Release|Any CPU.Build.0 = Release|Any CPU
	EndGlobalSection
	GlobalSection(SolutionProperties) = preSolution
		HideSolutionNode = FALSE
	EndGlobalSection
	GlobalSection(ExtensibilityGlobals) = postSolution
		SolutionGuid = {59CC165D-F319-458D-A7B2-C24DEB6E5762}
	EndGlobalSection
EndGlobal
